github.com/MrMelon54/bigben v0.0.0-20221231220351-7f31a3db8cd8 h1:Yy75Pg3XxGm1u0BDey4SUgyfsp4R9OhT8+BuhdiuIwI=
github.com/MrMelon54/bigben v0.0.0-20221231220351-7f31a3db8cd8/go.mod h1:mnVlzsRgiB2tqZFDiPAOsc2eOOtc9w72MZVzjeq9SAI=
github.com/disgoorg/disgo v0.13.19 h1:evbkWRQ9fU3dIrRJnl+jFTt55cKAeeEwnB/Q3dqgz20=
github.com/disgoorg/disgo v0.13.19/go.mod h1:Cyip4bCYHD3rHgDhBPT9cLo81e9AMbDe8ocM50UNRM4=
github.com/disgoorg/log v1.2.0 h1:sqlXnu/ZKAlIlHV9IO+dbMto7/hCQ474vlIdMWk8QKo=
github.com/disgoorg/log v1.2.0/go.mod h1:3x1KDG6DI1CE2pDwi3qlwT3wlXpeHW/5rVay+1qDqOo=
github.com/disgoorg/snowflake/v2 v2.0.0 h1:+xvyyDddXmXLHmiG8SZiQ3sdZdZPbUR22fSHoqwkrOA=
github.com/disgoorg/snowflake/v2 v2.0.0/go.mod h1:SPU9c2CNn5DSyb86QcKtdZgix9osEtKrHLW4rMhfLCs=
github.com/gocarina/gocsv v0.0.0-20221216233619-1fea7ae8d380 h1:JJq8YZiS07gFIMYZxkbbiMrXIglG3k5JPPtdvckcnfQ=
github.com/gocarina/gocsv v0.0.0-20221216233619-1fea7ae8d380/go.mod h1:5YoVOkjYAQumqlV356Hj3xeYh4BdZuLE0/nRkf2NKkI=
github.com/gorilla/mux v1.8.0 h1:i40aqfkR1h2SlN9hojwV5ZA91wcXFOvkdNIeFDP5koI=
github.com/gorilla/mux v1.8.0/go.mod h1:DVbg23sWSpFRCP0SfiEN6jmj59UnW/n46BH5rLB71So=
github.com/sasha-s/go-csync v0.0.0-20210812194225-61421b77c44b h1:qYTY2tN72LhgDj2rtWG+LI6TXFl2ygFQQ4YezfVaGQE=
github.com/sasha-s/go-csync v0.0.0-20210812194225-61421b77c44b/go.mod h1:/pA7k3zsXKdjjAiUhB5CjuKib9KJGCaLvZwtxGC8U0s=
gopkg.in/check.v1 v0.0.0-20161208181325-20d25e280405 h1:yhCVgyC4o1eVCa2tZl7eS0r+SDo693bJlVdllGtEeKM=
gopkg.in/check.v1 v0.0.0-20161208181325-20d25e280405/go.mod h1:Co6ibVJAznAaIkqp8huTwlJQCZ016jof/cbN4VW5Yz0=
gopkg.in/yaml.v3 v3.0.1 h1:fxVm/GzAzEWqLHuvctI91KS9hhNmmWOoWu0XTYJS7CA=
gopkg.in/yaml.v3 v3.0.1/go.mod h1:K4uyk7z7BCEPqu6E+C64Yfv1cQ7kz7rIZviUmN+EgEM=
